github.com/andybalholm/brotli v1.0.4 h1:V7DdXeJtZscaqfNuAdSRuRFzuiKlHSC/Zh3zl9qY3JY=
github.com/andybalholm/brotli v1.0.4/go.mod h1:fO7iG3H7G2nSZ7m0zPUDn85XEX2GTukHGRSepvi9Eig=
github.com/cespare/xxhash/v2 v2.1.2 h1:YRXhKfTDauu4ajMg1TPgFO5jnlC2HCbmLXMcTG5cbYE=
github.com/cespare/xxhash/v2 v2.1.2/go.mod h1:VGX0DQ3Q6kWi7AoAeZDth3/j3BFtOZR5XLFGgcrjCOs=
github.com/dgryski/go-rendezvous v0.0.0-20200823014737-9f7001d12a5f h1:lO4WD4F/rVNCu3HqELle0jiPLLBs70cWOduZpkS1E78=
github.com/dgryski/go-rendezvous v0.0.0-20200823014737-9f7001d12a5f/go.mod h1:cuUVRXasLTGF7a8hSLbxyZXjz+1KgoB3wDUb6vlszIc=
github.com/fsnotify/fsnotify v1.4.9 h1:hsms1Qyu0jgnwNXIxa+/V/PDsU6CfLf6CNO8H7IWoS4=
github.com/go-redis/redis/v8 v8.11.5 h1:AcZZR7igkdvfVmQTPnu9WE37LRrO/YrBH5zWyjDC0oI=
github.com/go-redis/redis/v8 v8.11.5/go.mod h1:gREzHqY1hg6oD9ngVRbLStwAWKhA0FEgq8Jd4h5lpwo=
github.com/gofiber/fiber/v2 v2.37.0 h1:KVboSQ7e0wDbSFXNjXKqoigwp9HYUqgWn4uGFaUO1P8=
github.com/gofiber/fiber/v2 v2.37.0/go.mod h1:xm3pDGlfE1xqVKb77iH8weLU0FFoTeWeK3nbiYM2Nh0=
github.com/klauspost/compress v1.15.0/go.mod h1:/3/Vjq9QcHkK5uEr5lBEmyoZ1iFhe47etQ6QUkpK6sk=
github.com/klauspost/compress v1.15.9 h1:wKRjX6JRtDdrE9qwa4b/Cip7ACOshUI4smpCQanqjSY=
github.com/klauspost/compress v1.15.9/go.mod h1:PhcZ0MbTNciWF3rruxRgKxI5NkcHHrHUDtV4Yw2GlzU=
github.com/mcstatus-io/mcutil v0.0.0-20220829055335-c1c2ef192eca h1:7cuzxW+L7ZsnZfhW5pL2QpCRduTmURKnBFfwREF8of4=
github.com/mcstatus-io/mcutil v0.0.0-20220829055335-c1c2ef192eca/go.mod h1:VUB87/x9EYITmQVXZO4eS+egaZOdvxId4IdpU4L5LoA=
github.com/mcstatus-io/mcutil v0.0.0-20221217202354-00c1b98e931c h1:rsklIGzjSrY+V3WEEx8Mc6R9bQ1/v26tMr/fgoKo3tM=
github.com/mcstatus-io/mcutil v0.0.0-20221217202354-00c1b98e931c/go.mod h1:VUB87/x9EYITmQVXZO4eS+egaZOdvxId4IdpU4L5LoA=
github.com/mcstatus-io/shared v0.0.0-20221023001202-042a64f3e9a8 h1:rELiwobCe1cWY6Plr3oArLYAPh41hZw1JvZz4h4Pvbw=
github.com/mcstatus-io/shared v0.0.0-20221023001202-042a64f3e9a8/go.mod h1:0CPc1P/GzYKF3mS7CkRP3Mo/uOjU4fmZVkm0AF1c6D8=
github.com/mcstatus-io/shared v0.0.0-20221217073539-81255189910f h1:ZroQAPCC/759RuKkyXvRa7yg+4QF9vMK68+bFabf+PA=
github.com/mcstatus-io/shared v0.0.0-20221217073539-81255189910f/go.mod h1:QnLKXHSdkVFWGpP4yu2rhlkxdRLW/SBQoR2qqi1lYRQ=
github.com/mcstatus-io/shared v0.0.0-20221217074644-8258241e8c44 h1:IE9w6dUXgr6aScK7P0Rt9jiX3ANz+g0c7ssAjCAp7/M=
github.com/mcstatus-io/shared v0.0.0-20221217074644-8258241e8c44/go.mod h1:QnLKXHSdkVFWGpP4yu2rhlkxdRLW/SBQoR2qqi1lYRQ=
github.com/mcstatus-io/shared v1.0.2 h1:GN4urv/n5QXuqC1q5OR+43QWb1JUhh1UP7dpEfLQL/c=
github.com/mcstatus-io/shared v1.0.2/go.mod h1:QnLKXHSdkVFWGpP4yu2rhlkxdRLW/SBQoR2qqi1lYRQ=
github.com/mcstatus-io/shared v1.0.3 h1:P90CtglbAli6sZLQqrYP7Zhr7bqJiiQOkntBM8q3wW4=
github.com/mcstatus-io/shared v1.0.3/go.mod h1:QnLKXHSdkVFWGpP4yu2rhlkxdRLW/SBQoR2qqi1lYRQ=
github.com/mcstatus-io/shared v1.0.4 h1:+bDerclkbl+d5qS5uakekrHn+RnmvBMwD0NY1O6+znY=
github.com/mcstatus-io/shared v1.0.4/go.mod h1:XuGB50gmf0XhdRCI4Lg09Z25rYKCNdlKSvr2/W7EK3o=
github.com/nxadm/tail v1.4.8 h1:nPr65rt6Y5JFSKQO7qToXr7pePgD6Gwiw05lkbyAQTE=
github.com/onsi/ginkgo v1.16.5 h1:8xi0RTUf59SOSfEtZMvwTvXYMzG4gV23XVHOZiXNtnE=
github.com/onsi/gomega v1.18.1 h1:M1GfJqGRrBrrGGsbxzV5dqM2U2ApXefZCQpkukxYRLE=
github.com/valyala/bytebufferpool v1.0.0 h1:GqA5TC/0021Y/b9FG4Oi9Mr3q7XYx6KllzawFIhcdPw=
github.com/valyala/bytebufferpool v1.0.0/go.mod h1:6bBcMArwyJ5K/AmCkWv1jt77kVWyCJ6HpOuEn7z0Csc=
github.com/valyala/fasthttp v1.39.0 h1:lW8mGeM7yydOqZKmwyMTaz/PH/A+CLgtmmcjv+OORfU=
github.com/valyala/fasthttp v1.39.0/go.mod h1:t/G+3rLek+CyY9bnIE+YlMRddxVAAGjhxndDB4i4C0I=
github.com/valyala/tcplisten v1.0.0 h1:rBHj/Xf+E1tRGZyWIWwJDiRY0zc1Js+CV5DqwacVSA8=
github.com/valyala/tcplisten v1.0.0/go.mod h1:T0xQ8SeCZGxckz9qRXTfG43PvQ/mcWh7FwZEA7Ioqkc=
golang.org/x/crypto v0.0.0-20220214200702-86341886e292/go.mod h1:IxCIyHEi3zRg3s0A5j5BB6A9Jmi73HwBIUl50j+osU4=
golang.org/x/net v0.0.0-20211112202133-69e39bad7dc2/go.mod h1:9nx3DQGgdP8bBQD5qxJ1jj9UTztislL4KSBs9R2vV5Y=
golang.org/x/net v0.0.0-20220225172249-27dd8689420f h1:oA4XRj0qtSt8Yo1Zms0CUlsT3KG69V2UGQWPBxujDmc=
golang.org/x/net v0.0.0-20220225172249-27dd8689420f/go.mod h1:CfG3xpIq0wQ8r1q4Su4UZFWDARRcnwPjda9FqA0JpMk=
golang.org/x/sys v0.0.0-20201119102817-f84b799fce68/go.mod h1:h1NjWce9XRLGQEsW7wpKNCjG9DtNlClVuFLEZdDNbEs=
golang.org/x/sys v0.0.0-20210423082822-04245dca01da/go.mod h1:h1NjWce9XRLGQEsW7wpKNCjG9DtNlClVuFLEZdDNbEs=
golang.org/x/sys v0.0.0-20210615035016-665e8c7367d1/go.mod h1:oPkhp1MJrh7nUepCBck5+mAzfO9JrbApNNgaTdGDITg=
golang.org/x/sys v0.0.0-20211216021012-1d35b9e2eb4e/go.mod h1:oPkhp1MJrh7nUepCBck5+mAzfO9JrbApNNgaTdGDITg=
golang.org/x/sys v0.0.0-20220227234510-4e6760a101f9/go.mod h1:oPkhp1MJrh7nUepCBck5+mAzfO9JrbApNNgaTdGDITg=
golang.org/x/sys v0.0.0-20220829200755-d48e67d00261 h1:v6hYoSR9T5oet+pMXwUWkbiVqx/63mlHjefrHmxwfeY=
golang.org/x/sys v0.0.0-20220829200755-d48e67d00261/go.mod h1:oPkhp1MJrh7nUepCBck5+mAzfO9JrbApNNgaTdGDITg=
golang.org/x/term v0.0.0-20201126162022-7de9c90e9dd1/go.mod h1:bj7SfCRtBDWHUb9snDiAeCFNEtKQo2Wmx5Cou7ajbmo=
golang.org/x/term v0.0.0-20210927222741-03fcf44c2211/go.mod h1:jbD1KX2456YbFQfuXm/mYQcufACuNUgVhRMnK/tPxf8=
golang.org/x/text v0.3.6/go.mod h1:5Zoc/QRtKVWzQhOtBMvqHzDpF6irO9z98xDceosuGiQ=
golang.org/x/text v0.3.7 h1:olpwvP2KacW1ZWvsR7uQhoyTYvKAupfQrRGBFM352Gk=
golang.org/x/text v0.3.7/go.mod h1:u+2+/6zg+i71rQMx5EYifcz6MCKuco9NR6JIITiCfzQ=
golang.org/x/tools v0.0.0-20180917221912-90fa682c2a6e/go.mod h1:n7NCudcB/nEzxVGmLbDWY5pfWTLqBcC2KZ6jyYvM4mQ=
gopkg.in/check.v1 v0.0.0-20161208181325-20d25e280405 h1:yhCVgyC4o1eVCa2tZl7eS0r+SDo693bJlVdllGtEeKM=
gopkg.in/check.v1 v0.0.0-20161208181325-20d25e280405/go.mod h1:Co6ibVJAznAaIkqp8huTwlJQCZ016jof/cbN4VW5Yz0=
gopkg.in/tomb.v1 v1.0.0-20141024135613-dd632973f1e7 h1:uRGJdciOHaEIrze2W8Q3AKkepLTh2hOroT7a+7czfdQ=
gopkg.in/yaml.v2 v2.4.0 h1:D8xgwECY7CYvx+Y2n4sBz93Jn9JRvxdiyyo8CTfuKaY=
gopkg.in/yaml.v3 v3.0.1 h1:fxVm/GzAzEWqLHuvctI91KS9hhNmmWOoWu0XTYJS7CA=
gopkg.in/yaml.v3 v3.0.1/go.mod h1:K4uyk7z7BCEPqu6E+C64Yfv1cQ7kz7rIZviUmN+EgEM=
